
Microsoft Visual Studio Solution File, Format Version 12.00
# Visual Studio Version 17
VisualStudioVersion = 17.4.33110.190
MinimumVisualStudioVersion = 10.0.40219.1
Project("{FAE04EC0-301F-11D3-BF4B-00C04F79EFBC}") = "Switch2", "Switch2\Switch2.csproj", "{533AD558-E90A-4336-AA4C-1EC903121346}"
EndProject
Global
	GlobalSection(SolutionConfigurationPlatforms) = preSolution
		Debug|Any CPU = Debug|Any CPU
		Release|Any CPU = Release|Any CPU
	EndGlobalSection
	GlobalSection(ProjectConfigurationPlatforms) = postSolution
		{533AD558-E90A-4336-AA4C-1EC903121346}.Debug|Any CPU.ActiveCfg = Debug|Any CPU
		{533AD558-E90A-4336-AA4C-1EC903121346}.Debug|Any CPU.Build.0 = Debug|Any CPU
		{533AD558-E90A-4336-AA4C-1EC903121346}.Release|Any CPU.ActiveCfg = Release|Any CPU
		{533AD558-E90A-4336-AA4C-1EC903121346}.Release|Any CPU.Build.0 = Release|Any CPU
	EndGlobalSection
	GlobalSection(SolutionProperties) = preSolution
		HideSolutionNode = FALSE
	EndGlobalSection
	GlobalSection(ExtensibilityGlobals) = postSolution
		SolutionGuid = {41B2CE5B-ACDA-4794-BE74-834D15057F20}
	EndGlobalSection
EndGlobal
