
Microsoft Visual Studio Solution File, Format Version 12.00
# Visual Studio Version 17
VisualStudioVersion = 17.4.33110.190
MinimumVisualStudioVersion = 10.0.40219.1
Project("{FAE04EC0-301F-11D3-BF4B-00C04F79EFBC}") = "HindeKontroll", "HindeKontroll\HindeKontroll.csproj", "{5F44550A-2C02-4A96-B497-F0A8772A43D0}"
EndProject
Global
	GlobalSection(SolutionConfigurationPlatforms) = preSolution
		Debug|Any CPU = Debug|Any CPU
		Release|Any CPU = Release|Any CPU
	EndGlobalSection
	GlobalSection(ProjectConfigurationPlatforms) = postSolution
		{5F44550A-2C02-4A96-B497-F0A8772A43D0}.Debug|Any CPU.ActiveCfg = Debug|Any CPU
		{5F44550A-2C02-4A96-B497-F0A8772A43D0}.Debug|Any CPU.Build.0 = Debug|Any CPU
		{5F44550A-2C02-4A96-B497-F0A8772A43D0}.Release|Any CPU.ActiveCfg = Release|Any CPU
		{5F44550A-2C02-4A96-B497-F0A8772A43D0}.Release|Any CPU.Build.0 = Release|Any CPU
	EndGlobalSection
	GlobalSection(SolutionProperties) = preSolution
		HideSolutionNode = FALSE
	EndGlobalSection
	GlobalSection(ExtensibilityGlobals) = postSolution
		SolutionGuid = {CA58BDA0-3260-475B-9A93-27DF9C935D36}
	EndGlobalSection
EndGlobal
